
Microsoft Visual Studio Solution File, Format Version 12.00
# Visual Studio 2013
VisualStudioVersion = 12.0.30723.0
MinimumVisualStudioVersion = 10.0.40219.1
Project("{FAE04EC0-301F-11D3-BF4B-00C04F79EFBC}") = "FormWinForm", "FormWinForm\FormWinForm.csproj", "{76530549-747E-4A33-93C6-CCA67F84A38E}"
EndProject
Project("{2150E333-8FDC-42A3-9474-1A3956D46DE8}") = ".nuget", ".nuget", "{BC841E7C-2832-4235-8C45-D05238A589D1}"
	ProjectSection(SolutionItems) = preProject
		.nuget\packages.config = .nuget\packages.config
	EndProjectSection
EndProject
Project("{FAE04EC0-301F-11D3-BF4B-00C04F79EFBC}") = "DrawGame", "ClassLibrary1\DrawGame.csproj", "{4E58BA04-8DF2-434F-860C-06F374EBA689}"
EndProject
Project("{FAE04EC0-301F-11D3-BF4B-00C04F79EFBC}") = "ConvertCSVToXML", "ConvertCSVToXML\ConvertCSVToXML.csproj", "{78EE69DF-780A-4035-B08F-E655EA8BBFEB}"
EndProject
Project("{FAE04EC0-301F-11D3-BF4B-00C04F79EFBC}") = "SIMS.SimulatorAction", "SoccerSimulator\SIMS.SimulatorAction.csproj", "{B2677D9F-1EA7-4983-87BE-B8B0A1A500F7}"
EndProject
Project("{FAE04EC0-301F-11D3-BF4B-00C04F79EFBC}") = "SIMS.TeamManagement", "SIMS.TeamManagement\SIMS.TeamManagement.csproj", "{960C95D7-E5FA-4511-9D14-703A2937C241}"
EndProject
Project("{FAE04EC0-301F-11D3-BF4B-00C04F79EFBC}") = "SIMS.PlayerManagement", "SIMS.PlayerManagement\SIMS.PlayerManagement.csproj", "{6A41FB06-D0EA-4E54-A96B-6591D253F6AF}"
EndProject
Project("{FAE04EC0-301F-11D3-BF4B-00C04F79EFBC}") = "SIMS.UserManagement", "SIMS.UserManagement\SIMS.UserManagement.csproj", "{62C5F69A-8308-469C-B2DA-296212FAC4B3}"
EndProject
Project("{FAE04EC0-301F-11D3-BF4B-00C04F79EFBC}") = "SIMS.TestsDrawGame", "SIMS.TestsDrawGame\SIMS.TestsDrawGame.csproj", "{034E64EC-72B2-46C1-9FB5-0DAD5206418D}"
EndProject
Project("{FAE04EC0-301F-11D3-BF4B-00C04F79EFBC}") = "TestDrawGame", "TestDrawGame\TestDrawGame.csproj", "{C9F6256E-36E1-4C44-AE47-73A60B55E4AE}"
EndProject
Global
	GlobalSection(SolutionConfigurationPlatforms) = preSolution
		Debug|Any CPU = Debug|Any CPU
		Release|Any CPU = Release|Any CPU
	EndGlobalSection
	GlobalSection(ProjectConfigurationPlatforms) = postSolution
		{76530549-747E-4A33-93C6-CCA67F84A38E}.Debug|Any CPU.ActiveCfg = Debug|Any CPU
		{76530549-747E-4A33-93C6-CCA67F84A38E}.Debug|Any CPU.Build.0 = Debug|Any CPU
		{76530549-747E-4A33-93C6-CCA67F84A38E}.Release|Any CPU.ActiveCfg = Release|Any CPU
		{76530549-747E-4A33-93C6-CCA67F84A38E}.Release|Any CPU.Build.0 = Release|Any CPU
		{4E58BA04-8DF2-434F-860C-06F374EBA689}.Debug|Any CPU.ActiveCfg = Debug|Any CPU
		{4E58BA04-8DF2-434F-860C-06F374EBA689}.Debug|Any CPU.Build.0 = Debug|Any CPU
		{4E58BA04-8DF2-434F-860C-06F374EBA689}.Release|Any CPU.ActiveCfg = Release|Any CPU
		{4E58BA04-8DF2-434F-860C-06F374EBA689}.Release|Any CPU.Build.0 = Release|Any CPU
		{78EE69DF-780A-4035-B08F-E655EA8BBFEB}.Debug|Any CPU.ActiveCfg = Debug|Any CPU
		{78EE69DF-780A-4035-B08F-E655EA8BBFEB}.Debug|Any CPU.Build.0 = Debug|Any CPU
		{78EE69DF-780A-4035-B08F-E655EA8BBFEB}.Release|Any CPU.ActiveCfg = Release|Any CPU
		{78EE69DF-780A-4035-B08F-E655EA8BBFEB}.Release|Any CPU.Build.0 = Release|Any CPU
		{B2677D9F-1EA7-4983-87BE-B8B0A1A500F7}.Debug|Any CPU.ActiveCfg = Debug|Any CPU
		{B2677D9F-1EA7-4983-87BE-B8B0A1A500F7}.Debug|Any CPU.Build.0 = Debug|Any CPU
		{B2677D9F-1EA7-4983-87BE-B8B0A1A500F7}.Release|Any CPU.ActiveCfg = Release|Any CPU
		{B2677D9F-1EA7-4983-87BE-B8B0A1A500F7}.Release|Any CPU.Build.0 = Release|Any CPU
		{960C95D7-E5FA-4511-9D14-703A2937C241}.Debug|Any CPU.ActiveCfg = Debug|Any CPU
		{960C95D7-E5FA-4511-9D14-703A2937C241}.Debug|Any CPU.Build.0 = Debug|Any CPU
		{960C95D7-E5FA-4511-9D14-703A2937C241}.Release|Any CPU.ActiveCfg = Release|Any CPU
		{960C95D7-E5FA-4511-9D14-703A2937C241}.Release|Any CPU.Build.0 = Release|Any CPU
		{6A41FB06-D0EA-4E54-A96B-6591D253F6AF}.Debug|Any CPU.ActiveCfg = Debug|Any CPU
		{6A41FB06-D0EA-4E54-A96B-6591D253F6AF}.Debug|Any CPU.Build.0 = Debug|Any CPU
		{6A41FB06-D0EA-4E54-A96B-6591D253F6AF}.Release|Any CPU.ActiveCfg = Release|Any CPU
		{6A41FB06-D0EA-4E54-A96B-6591D253F6AF}.Release|Any CPU.Build.0 = Release|Any CPU
		{62C5F69A-8308-469C-B2DA-296212FAC4B3}.Debug|Any CPU.ActiveCfg = Debug|Any CPU
		{62C5F69A-8308-469C-B2DA-296212FAC4B3}.Debug|Any CPU.Build.0 = Debug|Any CPU
		{62C5F69A-8308-469C-B2DA-296212FAC4B3}.Release|Any CPU.ActiveCfg = Release|Any CPU
		{62C5F69A-8308-469C-B2DA-296212FAC4B3}.Release|Any CPU.Build.0 = Release|Any CPU
		{034E64EC-72B2-46C1-9FB5-0DAD5206418D}.Debug|Any CPU.ActiveCfg = Debug|Any CPU
		{034E64EC-72B2-46C1-9FB5-0DAD5206418D}.Debug|Any CPU.Build.0 = Debug|Any CPU
		{034E64EC-72B2-46C1-9FB5-0DAD5206418D}.Release|Any CPU.ActiveCfg = Release|Any CPU
		{034E64EC-72B2-46C1-9FB5-0DAD5206418D}.Release|Any CPU.Build.0 = Release|Any CPU
		{C9F6256E-36E1-4C44-AE47-73A60B55E4AE}.Debug|Any CPU.ActiveCfg = Debug|Any CPU
		{C9F6256E-36E1-4C44-AE47-73A60B55E4AE}.Debug|Any CPU.Build.0 = Debug|Any CPU
		{C9F6256E-36E1-4C44-AE47-73A60B55E4AE}.Release|Any CPU.ActiveCfg = Release|Any CPU
		{C9F6256E-36E1-4C44-AE47-73A60B55E4AE}.Release|Any CPU.Build.0 = Release|Any CPU
	EndGlobalSection
	GlobalSection(SolutionProperties) = preSolution
		HideSolutionNode = FALSE
	EndGlobalSection
EndGlobal
